
Microsoft Visual Studio Solution File, Format Version 12.00
# Visual Studio Version 17
VisualStudioVersion = 17.1.32319.34
MinimumVisualStudioVersion = 10.0.40219.1
Project("{9A19103F-16F7-4668-BE54-9A1E7A4F7556}") = "Volunteer", "Volunteer\Volunteer.csproj", "{3461277E-80C8-4609-9CA3-37726D9F1CC9}"
EndProject
Project("{9A19103F-16F7-4668-BE54-9A1E7A4F7556}") = "Organization", "Organization\Organization.csproj", "{26982102-BDF8-4851-8B8A-BDA8281A2D60}"
EndProject
Project("{E53339B2-1760-4266-BCC7-CA923CBCF16C}") = "docker-compose", "docker-compose.dcproj", "{A6F55C0E-51DE-4030-B7FF-BBE9307F99DD}"
EndProject
Project("{54A90642-561A-4BB1-A94E-469ADEE60C69}") = "volunteer-hub-frontend", "volunteer-hub-frontend\volunteer-hub-frontend.esproj", "{7162F213-BC04-4FC7-8611-DDD9777EB397}"
EndProject
Project("{9A19103F-16F7-4668-BE54-9A1E7A4F7556}") = "IdentityServer", "IdentityServer\IdentityServer.csproj", "{49E6CB18-A29F-4718-8B2A-0320A3EC81C9}"
EndProject
Project("{9A19103F-16F7-4668-BE54-9A1E7A4F7556}") = "VolunteerHubBackend", "VolunteerHubBackend\VolunteerHubBackend.csproj", "{8828FD1A-C67D-4A39-9414-5E5DE98F3F76}"
EndProject
Project("{2150E333-8FDC-42A3-9474-1A3956D46DE8}") = "Solution Items", "Solution Items", "{74A6AADC-143C-44A3-B34F-41778B87C71F}"
	ProjectSection(SolutionItems) = preProject
		.editorconfig = .editorconfig
	EndProjectSection
EndProject
Global
	GlobalSection(SolutionConfigurationPlatforms) = preSolution
		Debug|Any CPU = Debug|Any CPU
		Release|Any CPU = Release|Any CPU
	EndGlobalSection
	GlobalSection(ProjectConfigurationPlatforms) = postSolution
		{3461277E-80C8-4609-9CA3-37726D9F1CC9}.Debug|Any CPU.ActiveCfg = Debug|Any CPU
		{3461277E-80C8-4609-9CA3-37726D9F1CC9}.Debug|Any CPU.Build.0 = Debug|Any CPU
		{3461277E-80C8-4609-9CA3-37726D9F1CC9}.Release|Any CPU.ActiveCfg = Release|Any CPU
		{3461277E-80C8-4609-9CA3-37726D9F1CC9}.Release|Any CPU.Build.0 = Release|Any CPU
		{26982102-BDF8-4851-8B8A-BDA8281A2D60}.Debug|Any CPU.ActiveCfg = Debug|Any CPU
		{26982102-BDF8-4851-8B8A-BDA8281A2D60}.Debug|Any CPU.Build.0 = Debug|Any CPU
		{26982102-BDF8-4851-8B8A-BDA8281A2D60}.Release|Any CPU.ActiveCfg = Release|Any CPU
		{26982102-BDF8-4851-8B8A-BDA8281A2D60}.Release|Any CPU.Build.0 = Release|Any CPU
		{A6F55C0E-51DE-4030-B7FF-BBE9307F99DD}.Debug|Any CPU.ActiveCfg = Debug|Any CPU
		{A6F55C0E-51DE-4030-B7FF-BBE9307F99DD}.Debug|Any CPU.Build.0 = Debug|Any CPU
		{A6F55C0E-51DE-4030-B7FF-BBE9307F99DD}.Release|Any CPU.ActiveCfg = Release|Any CPU
		{A6F55C0E-51DE-4030-B7FF-BBE9307F99DD}.Release|Any CPU.Build.0 = Release|Any CPU
		{7162F213-BC04-4FC7-8611-DDD9777EB397}.Debug|Any CPU.ActiveCfg = Debug|Any CPU
		{7162F213-BC04-4FC7-8611-DDD9777EB397}.Debug|Any CPU.Build.0 = Debug|Any CPU
		{7162F213-BC04-4FC7-8611-DDD9777EB397}.Debug|Any CPU.Deploy.0 = Debug|Any CPU
		{7162F213-BC04-4FC7-8611-DDD9777EB397}.Release|Any CPU.ActiveCfg = Release|Any CPU
		{7162F213-BC04-4FC7-8611-DDD9777EB397}.Release|Any CPU.Build.0 = Release|Any CPU
		{7162F213-BC04-4FC7-8611-DDD9777EB397}.Release|Any CPU.Deploy.0 = Release|Any CPU
		{49E6CB18-A29F-4718-8B2A-0320A3EC81C9}.Debug|Any CPU.ActiveCfg = Debug|Any CPU
		{49E6CB18-A29F-4718-8B2A-0320A3EC81C9}.Debug|Any CPU.Build.0 = Debug|Any CPU
		{49E6CB18-A29F-4718-8B2A-0320A3EC81C9}.Release|Any CPU.ActiveCfg = Release|Any CPU
		{49E6CB18-A29F-4718-8B2A-0320A3EC81C9}.Release|Any CPU.Build.0 = Release|Any CPU
		{8828FD1A-C67D-4A39-9414-5E5DE98F3F76}.Debug|Any CPU.ActiveCfg = Debug|Any CPU
		{8828FD1A-C67D-4A39-9414-5E5DE98F3F76}.Debug|Any CPU.Build.0 = Debug|Any CPU
		{8828FD1A-C67D-4A39-9414-5E5DE98F3F76}.Release|Any CPU.ActiveCfg = Release|Any CPU
		{8828FD1A-C67D-4A39-9414-5E5DE98F3F76}.Release|Any CPU.Build.0 = Release|Any CPU
	EndGlobalSection
	GlobalSection(SolutionProperties) = preSolution
		HideSolutionNode = FALSE
	EndGlobalSection
	GlobalSection(ExtensibilityGlobals) = postSolution
		SolutionGuid = {B664C98C-FE5E-48B2-9434-3540DBF707F8}
	EndGlobalSection
EndGlobal
